
Microsoft Visual Studio Solution File, Format Version 12.00
# Visual Studio 15
VisualStudioVersion = 15.0.28010.2048
MinimumVisualStudioVersion = 10.0.40219.1
Project("{2150E333-8FDC-42A3-9474-1A3956D46DE8}") = "Service", "Service", "{07D09CB5-CED1-442E-A7F7-EDF5EC671D1D}"
EndProject
Project("{9A19103F-16F7-4668-BE54-9A1E7A4F7556}") = "SelfTeacher.Service", "Service\SelfTeacher.Service\SelfTeacher.Service.csproj", "{4DB7F85C-62CB-4C3F-A421-E7833AF2B253}"
EndProject
Project("{9A19103F-16F7-4668-BE54-9A1E7A4F7556}") = "ServiceTeacher.Service.Domain", "Service\ServiceTeacher.Service.Domain\ServiceTeacher.Service.Domain.csproj", "{1DA23F82-6586-4B29-95F6-66D38BDA1A3F}"
EndProject
Project("{9A19103F-16F7-4668-BE54-9A1E7A4F7556}") = "ServiceTeacher.Service.Infrastructure", "Service\ServiceTeacher.Service.Infrastructure\ServiceTeacher.Service.Infrastructure.csproj", "{854D8448-023E-4AE8-B693-53B9B0941518}"
EndProject
Project("{2150E333-8FDC-42A3-9474-1A3956D46DE8}") = "Web", "Web", "{E313ABEE-F9B3-4E9B-BF3A-343239610A3B}"
EndProject
Project("{9A19103F-16F7-4668-BE54-9A1E7A4F7556}") = "SelfTeacher.Web", "Web\SelfTeacher.Web\SelfTeacher.Web.csproj", "{90ACE64A-E196-458B-849D-8F5E0DE32CC9}"
EndProject
Project("{2150E333-8FDC-42A3-9474-1A3956D46DE8}") = "Mobile", "Mobile", "{628D7740-FB26-438C-A468-B8711786AAB5}"
EndProject
Project("{FAE04EC0-301F-11D3-BF4B-00C04F79EFBC}") = "SelfTeacher.Mobile.Android", "Mobile\SelfTeacher.Mobile\SelfTeacher.Mobile.Android\SelfTeacher.Mobile.Android.csproj", "{D9BBA41E-90F8-4172-8E6F-B7C8AE470AAC}"
EndProject
Project("{FAE04EC0-301F-11D3-BF4B-00C04F79EFBC}") = "SelfTeacher.Mobile.iOS", "Mobile\SelfTeacher.Mobile\SelfTeacher.Mobile.iOS\SelfTeacher.Mobile.iOS.csproj", "{C1DE1A7C-D0B3-4A91-8229-05C8B3AE39BA}"
EndProject
Project("{FAE04EC0-301F-11D3-BF4B-00C04F79EFBC}") = "SelfTeacher.Mobile.UWP", "Mobile\SelfTeacher.Mobile\SelfTeacher.Mobile.UWP\SelfTeacher.Mobile.UWP.csproj", "{65410D1D-08B7-49ED-A719-9F1F98D8F57F}"
EndProject
Project("{9A19103F-16F7-4668-BE54-9A1E7A4F7556}") = "SelfTeacher.Mobile", "Mobile\SelfTeacher.Mobile\SelfTeacher.Mobile\SelfTeacher.Mobile.csproj", "{2BCB60D2-CD7E-4828-855C-F21783F31DB9}"
EndProject
Project("{2150E333-8FDC-42A3-9474-1A3956D46DE8}") = "Windows", "Windows", "{B724962E-7BDC-4F9E-A9FD-AACA4E40DDA0}"
EndProject
Project("{FAE04EC0-301F-11D3-BF4B-00C04F79EFBC}") = "SelfTeacher.WinApp", "SelfTeacher.WinApp\SelfTeacher.WinApp.csproj", "{603B9D89-5CFB-4ECC-8421-CBF52022850F}"
EndProject
Project("{9A19103F-16F7-4668-BE54-9A1E7A4F7556}") = "SelfTeacher.WinApp.Domain", "SelfTeacher.WinApp.Domain\SelfTeacher.WinApp.Domain.csproj", "{6B2A2780-3918-48A0-9846-8FC978FB6978}"
EndProject
Project("{FAE04EC0-301F-11D3-BF4B-00C04F79EFBC}") = "SelfTeacherWinApp.Infrastructure", "SelfTeacherWinApp.Infrastructure\SelfTeacherWinApp.Infrastructure.csproj", "{EED2ACC6-6E65-475B-B5B2-2AB04995F60B}"
EndProject
Global
	GlobalSection(SolutionConfigurationPlatforms) = preSolution
		Ad-Hoc|Any CPU = Ad-Hoc|Any CPU
		Ad-Hoc|ARM = Ad-Hoc|ARM
		Ad-Hoc|iPhone = Ad-Hoc|iPhone
		Ad-Hoc|iPhoneSimulator = Ad-Hoc|iPhoneSimulator
		Ad-Hoc|x64 = Ad-Hoc|x64
		Ad-Hoc|x86 = Ad-Hoc|x86
		AppStore|Any CPU = AppStore|Any CPU
		AppStore|ARM = AppStore|ARM
		AppStore|iPhone = AppStore|iPhone
		AppStore|iPhoneSimulator = AppStore|iPhoneSimulator
		AppStore|x64 = AppStore|x64
		AppStore|x86 = AppStore|x86
		Debug|Any CPU = Debug|Any CPU
		Debug|ARM = Debug|ARM
		Debug|iPhone = Debug|iPhone
		Debug|iPhoneSimulator = Debug|iPhoneSimulator
		Debug|x64 = Debug|x64
		Debug|x86 = Debug|x86
		Release|Any CPU = Release|Any CPU
		Release|ARM = Release|ARM
		Release|iPhone = Release|iPhone
		Release|iPhoneSimulator = Release|iPhoneSimulator
		Release|x64 = Release|x64
		Release|x86 = Release|x86
	EndGlobalSection
	GlobalSection(ProjectConfigurationPlatforms) = postSolution
		{4DB7F85C-62CB-4C3F-A421-E7833AF2B253}.Ad-Hoc|Any CPU.ActiveCfg = Debug|Any CPU
		{4DB7F85C-62CB-4C3F-A421-E7833AF2B253}.Ad-Hoc|Any CPU.Build.0 = Debug|Any CPU
		{4DB7F85C-62CB-4C3F-A421-E7833AF2B253}.Ad-Hoc|ARM.ActiveCfg = Debug|Any CPU
		{4DB7F85C-62CB-4C3F-A421-E7833AF2B253}.Ad-Hoc|ARM.Build.0 = Debug|Any CPU
		{4DB7F85C-62CB-4C3F-A421-E7833AF2B253}.Ad-Hoc|iPhone.ActiveCfg = Debug|Any CPU
		{4DB7F85C-62CB-4C3F-A421-E7833AF2B253}.Ad-Hoc|iPhone.Build.0 = Debug|Any CPU
		{4DB7F85C-62CB-4C3F-A421-E7833AF2B253}.Ad-Hoc|iPhoneSimulator.ActiveCfg = Debug|Any CPU
		{4DB7F85C-62CB-4C3F-A421-E7833AF2B253}.Ad-Hoc|iPhoneSimulator.Build.0 = Debug|Any CPU
		{4DB7F85C-62CB-4C3F-A421-E7833AF2B253}.Ad-Hoc|x64.ActiveCfg = Debug|Any CPU
		{4DB7F85C-62CB-4C3F-A421-E7833AF2B253}.Ad-Hoc|x64.Build.0 = Debug|Any CPU
		{4DB7F85C-62CB-4C3F-A421-E7833AF2B253}.Ad-Hoc|x86.ActiveCfg = Debug|Any CPU
		{4DB7F85C-62CB-4C3F-A421-E7833AF2B253}.Ad-Hoc|x86.Build.0 = Debug|Any CPU
		{4DB7F85C-62CB-4C3F-A421-E7833AF2B253}.AppStore|Any CPU.ActiveCfg = Debug|Any CPU
		{4DB7F85C-62CB-4C3F-A421-E7833AF2B253}.AppStore|Any CPU.Build.0 = Debug|Any CPU
		{4DB7F85C-62CB-4C3F-A421-E7833AF2B253}.AppStore|ARM.ActiveCfg = Debug|Any CPU
		{4DB7F85C-62CB-4C3F-A421-E7833AF2B253}.AppStore|ARM.Build.0 = Debug|Any CPU
		{4DB7F85C-62CB-4C3F-A421-E7833AF2B253}.AppStore|iPhone.ActiveCfg = Debug|Any CPU
		{4DB7F85C-62CB-4C3F-A421-E7833AF2B253}.AppStore|iPhone.Build.0 = Debug|Any CPU
		{4DB7F85C-62CB-4C3F-A421-E7833AF2B253}.AppStore|iPhoneSimulator.ActiveCfg = Debug|Any CPU
		{4DB7F85C-62CB-4C3F-A421-E7833AF2B253}.AppStore|iPhoneSimulator.Build.0 = Debug|Any CPU
		{4DB7F85C-62CB-4C3F-A421-E7833AF2B253}.AppStore|x64.ActiveCfg = Debug|Any CPU
		{4DB7F85C-62CB-4C3F-A421-E7833AF2B253}.AppStore|x64.Build.0 = Debug|Any CPU
		{4DB7F85C-62CB-4C3F-A421-E7833AF2B253}.AppStore|x86.ActiveCfg = Debug|Any CPU
		{4DB7F85C-62CB-4C3F-A421-E7833AF2B253}.AppStore|x86.Build.0 = Debug|Any CPU
		{4DB7F85C-62CB-4C3F-A421-E7833AF2B253}.Debug|Any CPU.ActiveCfg = Debug|Any CPU
		{4DB7F85C-62CB-4C3F-A421-E7833AF2B253}.Debug|Any CPU.Build.0 = Debug|Any CPU
		{4DB7F85C-62CB-4C3F-A421-E7833AF2B253}.Debug|ARM.ActiveCfg = Debug|Any CPU
		{4DB7F85C-62CB-4C3F-A421-E7833AF2B253}.Debug|ARM.Build.0 = Debug|Any CPU
		{4DB7F85C-62CB-4C3F-A421-E7833AF2B253}.Debug|iPhone.ActiveCfg = Debug|Any CPU
		{4DB7F85C-62CB-4C3F-A421-E7833AF2B253}.Debug|iPhone.Build.0 = Debug|Any CPU
		{4DB7F85C-62CB-4C3F-A421-E7833AF2B253}.Debug|iPhoneSimulator.ActiveCfg = Debug|Any CPU
		{4DB7F85C-62CB-4C3F-A421-E7833AF2B253}.Debug|iPhoneSimulator.Build.0 = Debug|Any CPU
		{4DB7F85C-62CB-4C3F-A421-E7833AF2B253}.Debug|x64.ActiveCfg = Debug|Any CPU
		{4DB7F85C-62CB-4C3F-A421-E7833AF2B253}.Debug|x64.Build.0 = Debug|Any CPU
		{4DB7F85C-62CB-4C3F-A421-E7833AF2B253}.Debug|x86.ActiveCfg = Debug|Any CPU
		{4DB7F85C-62CB-4C3F-A421-E7833AF2B253}.Debug|x86.Build.0 = Debug|Any CPU
		{4DB7F85C-62CB-4C3F-A421-E7833AF2B253}.Release|Any CPU.ActiveCfg = Release|Any CPU
		{4DB7F85C-62CB-4C3F-A421-E7833AF2B253}.Release|Any CPU.Build.0 = Release|Any CPU
		{4DB7F85C-62CB-4C3F-A421-E7833AF2B253}.Release|ARM.ActiveCfg = Release|Any CPU
		{4DB7F85C-62CB-4C3F-A421-E7833AF2B253}.Release|ARM.Build.0 = Release|Any CPU
		{4DB7F85C-62CB-4C3F-A421-E7833AF2B253}.Release|iPhone.ActiveCfg = Release|Any CPU
		{4DB7F85C-62CB-4C3F-A421-E7833AF2B253}.Release|iPhone.Build.0 = Release|Any CPU
		{4DB7F85C-62CB-4C3F-A421-E7833AF2B253}.Release|iPhoneSimulator.ActiveCfg = Release|Any CPU
		{4DB7F85C-62CB-4C3F-A421-E7833AF2B253}.Release|iPhoneSimulator.Build.0 = Release|Any CPU
		{4DB7F85C-62CB-4C3F-A421-E7833AF2B253}.Release|x64.ActiveCfg = Release|Any CPU
		{4DB7F85C-62CB-4C3F-A421-E7833AF2B253}.Release|x64.Build.0 = Release|Any CPU
		{4DB7F85C-62CB-4C3F-A421-E7833AF2B253}.Release|x86.ActiveCfg = Release|Any CPU
		{4DB7F85C-62CB-4C3F-A421-E7833AF2B253}.Release|x86.Build.0 = Release|Any CPU
		{1DA23F82-6586-4B29-95F6-66D38BDA1A3F}.Ad-Hoc|Any CPU.ActiveCfg = Debug|Any CPU
		{1DA23F82-6586-4B29-95F6-66D38BDA1A3F}.Ad-Hoc|Any CPU.Build.0 = Debug|Any CPU
		{1DA23F82-6586-4B29-95F6-66D38BDA1A3F}.Ad-Hoc|ARM.ActiveCfg = Debug|Any CPU
		{1DA23F82-6586-4B29-95F6-66D38BDA1A3F}.Ad-Hoc|ARM.Build.0 = Debug|Any CPU
		{1DA23F82-6586-4B29-95F6-66D38BDA1A3F}.Ad-Hoc|iPhone.ActiveCfg = Debug|Any CPU
		{1DA23F82-6586-4B29-95F6-66D38BDA1A3F}.Ad-Hoc|iPhone.Build.0 = Debug|Any CPU
		{1DA23F82-6586-4B29-95F6-66D38BDA1A3F}.Ad-Hoc|iPhoneSimulator.ActiveCfg = Debug|Any CPU
		{1DA23F82-6586-4B29-95F6-66D38BDA1A3F}.Ad-Hoc|iPhoneSimulator.Build.0 = Debug|Any CPU
		{1DA23F82-6586-4B29-95F6-66D38BDA1A3F}.Ad-Hoc|x64.ActiveCfg = Debug|Any CPU
		{1DA23F82-6586-4B29-95F6-66D38BDA1A3F}.Ad-Hoc|x64.Build.0 = Debug|Any CPU
		{1DA23F82-6586-4B29-95F6-66D38BDA1A3F}.Ad-Hoc|x86.ActiveCfg = Debug|Any CPU
		{1DA23F82-6586-4B29-95F6-66D38BDA1A3F}.Ad-Hoc|x86.Build.0 = Debug|Any CPU
		{1DA23F82-6586-4B29-95F6-66D38BDA1A3F}.AppStore|Any CPU.ActiveCfg = Debug|Any CPU
		{1DA23F82-6586-4B29-95F6-66D38BDA1A3F}.AppStore|Any CPU.Build.0 = Debug|Any CPU
		{1DA23F82-6586-4B29-95F6-66D38BDA1A3F}.AppStore|ARM.ActiveCfg = Debug|Any CPU
		{1DA23F82-6586-4B29-95F6-66D38BDA1A3F}.AppStore|ARM.Build.0 = Debug|Any CPU
		{1DA23F82-6586-4B29-95F6-66D38BDA1A3F}.AppStore|iPhone.ActiveCfg = Debug|Any CPU
		{1DA23F82-6586-4B29-95F6-66D38BDA1A3F}.AppStore|iPhone.Build.0 = Debug|Any CPU
		{1DA23F82-6586-4B29-95F6-66D38BDA1A3F}.AppStore|iPhoneSimulator.ActiveCfg = Debug|Any CPU
		{1DA23F82-6586-4B29-95F6-66D38BDA1A3F}.AppStore|iPhoneSimulator.Build.0 = Debug|Any CPU
		{1DA23F82-6586-4B29-95F6-66D38BDA1A3F}.AppStore|x64.ActiveCfg = Debug|Any CPU
		{1DA23F82-6586-4B29-95F6-66D38BDA1A3F}.AppStore|x64.Build.0 = Debug|Any CPU
		{1DA23F82-6586-4B29-95F6-66D38BDA1A3F}.AppStore|x86.ActiveCfg = Debug|Any CPU
		{1DA23F82-6586-4B29-95F6-66D38BDA1A3F}.AppStore|x86.Build.0 = Debug|Any CPU
		{1DA23F82-6586-4B29-95F6-66D38BDA1A3F}.Debug|Any CPU.ActiveCfg = Debug|Any CPU
		{1DA23F82-6586-4B29-95F6-66D38BDA1A3F}.Debug|Any CPU.Build.0 = Debug|Any CPU
		{1DA23F82-6586-4B29-95F6-66D38BDA1A3F}.Debug|ARM.ActiveCfg = Debug|Any CPU
		{1DA23F82-6586-4B29-95F6-66D38BDA1A3F}.Debug|ARM.Build.0 = Debug|Any CPU
		{1DA23F82-6586-4B29-95F6-66D38BDA1A3F}.Debug|iPhone.ActiveCfg = Debug|Any CPU
		{1DA23F82-6586-4B29-95F6-66D38BDA1A3F}.Debug|iPhone.Build.0 = Debug|Any CPU
		{1DA23F82-6586-4B29-95F6-66D38BDA1A3F}.Debug|iPhoneSimulator.ActiveCfg = Debug|Any CPU
		{1DA23F82-6586-4B29-95F6-66D38BDA1A3F}.Debug|iPhoneSimulator.Build.0 = Debug|Any CPU
		{1DA23F82-6586-4B29-95F6-66D38BDA1A3F}.Debug|x64.ActiveCfg = Debug|Any CPU
		{1DA23F82-6586-4B29-95F6-66D38BDA1A3F}.Debug|x64.Build.0 = Debug|Any CPU
		{1DA23F82-6586-4B29-95F6-66D38BDA1A3F}.Debug|x86.ActiveCfg = Debug|Any CPU
		{1DA23F82-6586-4B29-95F6-66D38BDA1A3F}.Debug|x86.Build.0 = Debug|Any CPU
		{1DA23F82-6586-4B29-95F6-66D38BDA1A3F}.Release|Any CPU.ActiveCfg = Release|Any CPU
		{1DA23F82-6586-4B29-95F6-66D38BDA1A3F}.Release|Any CPU.Build.0 = Release|Any CPU
		{1DA23F82-6586-4B29-95F6-66D38BDA1A3F}.Release|ARM.ActiveCfg = Release|Any CPU
		{1DA23F82-6586-4B29-95F6-66D38BDA1A3F}.Release|ARM.Build.0 = Release|Any CPU
		{1DA23F82-6586-4B29-95F6-66D38BDA1A3F}.Release|iPhone.ActiveCfg = Release|Any CPU
		{1DA23F82-6586-4B29-95F6-66D38BDA1A3F}.Release|iPhone.Build.0 = Release|Any CPU
		{1DA23F82-6586-4B29-95F6-66D38BDA1A3F}.Release|iPhoneSimulator.ActiveCfg = Release|Any CPU
		{1DA23F82-6586-4B29-95F6-66D38BDA1A3F}.Release|iPhoneSimulator.Build.0 = Release|Any CPU
		{1DA23F82-6586-4B29-95F6-66D38BDA1A3F}.Release|x64.ActiveCfg = Release|Any CPU
		{1DA23F82-6586-4B29-95F6-66D38BDA1A3F}.Release|x64.Build.0 = Release|Any CPU
		{1DA23F82-6586-4B29-95F6-66D38BDA1A3F}.Release|x86.ActiveCfg = Release|Any CPU
		{1DA23F82-6586-4B29-95F6-66D38BDA1A3F}.Release|x86.Build.0 = Release|Any CPU
		{854D8448-023E-4AE8-B693-53B9B0941518}.Ad-Hoc|Any CPU.ActiveCfg = Debug|Any CPU
		{854D8448-023E-4AE8-B693-53B9B0941518}.Ad-Hoc|Any CPU.Build.0 = Debug|Any CPU
		{854D8448-023E-4AE8-B693-53B9B0941518}.Ad-Hoc|ARM.ActiveCfg = Debug|Any CPU
		{854D8448-023E-4AE8-B693-53B9B0941518}.Ad-Hoc|ARM.Build.0 = Debug|Any CPU
		{854D8448-023E-4AE8-B693-53B9B0941518}.Ad-Hoc|iPhone.ActiveCfg = Debug|Any CPU
		{854D8448-023E-4AE8-B693-53B9B0941518}.Ad-Hoc|iPhone.Build.0 = Debug|Any CPU
		{854D8448-023E-4AE8-B693-53B9B0941518}.Ad-Hoc|iPhoneSimulator.ActiveCfg = Debug|Any CPU
		{854D8448-023E-4AE8-B693-53B9B0941518}.Ad-Hoc|iPhoneSimulator.Build.0 = Debug|Any CPU
		{854D8448-023E-4AE8-B693-53B9B0941518}.Ad-Hoc|x64.ActiveCfg = Debug|Any CPU
		{854D8448-023E-4AE8-B693-53B9B0941518}.Ad-Hoc|x64.Build.0 = Debug|Any CPU
		{854D8448-023E-4AE8-B693-53B9B0941518}.Ad-Hoc|x86.ActiveCfg = Debug|Any CPU
		{854D8448-023E-4AE8-B693-53B9B0941518}.Ad-Hoc|x86.Build.0 = Debug|Any CPU
		{854D8448-023E-4AE8-B693-53B9B0941518}.AppStore|Any CPU.ActiveCfg = Debug|Any CPU
		{854D8448-023E-4AE8-B693-53B9B0941518}.AppStore|Any CPU.Build.0 = Debug|Any CPU
		{854D8448-023E-4AE8-B693-53B9B0941518}.AppStore|ARM.ActiveCfg = Debug|Any CPU
		{854D8448-023E-4AE8-B693-53B9B0941518}.AppStore|ARM.Build.0 = Debug|Any CPU
		{854D8448-023E-4AE8-B693-53B9B0941518}.AppStore|iPhone.ActiveCfg = Debug|Any CPU
		{854D8448-023E-4AE8-B693-53B9B0941518}.AppStore|iPhone.Build.0 = Debug|Any CPU
		{854D8448-023E-4AE8-B693-53B9B0941518}.AppStore|iPhoneSimulator.ActiveCfg = Debug|Any CPU
		{854D8448-023E-4AE8-B693-53B9B0941518}.AppStore|iPhoneSimulator.Build.0 = Debug|Any CPU
		{854D8448-023E-4AE8-B693-53B9B0941518}.AppStore|x64.ActiveCfg = Debug|Any CPU
		{854D8448-023E-4AE8-B693-53B9B0941518}.AppStore|x64.Build.0 = Debug|Any CPU
		{854D8448-023E-4AE8-B693-53B9B0941518}.AppStore|x86.ActiveCfg = Debug|Any CPU
		{854D8448-023E-4AE8-B693-53B9B0941518}.AppStore|x86.Build.0 = Debug|Any CPU
		{854D8448-023E-4AE8-B693-53B9B0941518}.Debug|Any CPU.ActiveCfg = Debug|Any CPU
		{854D8448-023E-4AE8-B693-53B9B0941518}.Debug|Any CPU.Build.0 = Debug|Any CPU
		{854D8448-023E-4AE8-B693-53B9B0941518}.Debug|ARM.ActiveCfg = Debug|Any CPU
		{854D8448-023E-4AE8-B693-53B9B0941518}.Debug|ARM.Build.0 = Debug|Any CPU
		{854D8448-023E-4AE8-B693-53B9B0941518}.Debug|iPhone.ActiveCfg = Debug|Any CPU
		{854D8448-023E-4AE8-B693-53B9B0941518}.Debug|iPhone.Build.0 = Debug|Any CPU
		{854D8448-023E-4AE8-B693-53B9B0941518}.Debug|iPhoneSimulator.ActiveCfg = Debug|Any CPU
		{854D8448-023E-4AE8-B693-53B9B0941518}.Debug|iPhoneSimulator.Build.0 = Debug|Any CPU
		{854D8448-023E-4AE8-B693-53B9B0941518}.Debug|x64.ActiveCfg = Debug|Any CPU
		{854D8448-023E-4AE8-B693-53B9B0941518}.Debug|x64.Build.0 = Debug|Any CPU
		{854D8448-023E-4AE8-B693-53B9B0941518}.Debug|x86.ActiveCfg = Debug|Any CPU
		{854D8448-023E-4AE8-B693-53B9B0941518}.Debug|x86.Build.0 = Debug|Any CPU
		{854D8448-023E-4AE8-B693-53B9B0941518}.Release|Any CPU.ActiveCfg = Release|Any CPU
		{854D8448-023E-4AE8-B693-53B9B0941518}.Release|Any CPU.Build.0 = Release|Any CPU
		{854D8448-023E-4AE8-B693-53B9B0941518}.Release|ARM.ActiveCfg = Release|Any CPU
		{854D8448-023E-4AE8-B693-53B9B0941518}.Release|ARM.Build.0 = Release|Any CPU
		{854D8448-023E-4AE8-B693-53B9B0941518}.Release|iPhone.ActiveCfg = Release|Any CPU
		{854D8448-023E-4AE8-B693-53B9B0941518}.Release|iPhone.Build.0 = Release|Any CPU
		{854D8448-023E-4AE8-B693-53B9B0941518}.Release|iPhoneSimulator.ActiveCfg = Release|Any CPU
		{854D8448-023E-4AE8-B693-53B9B0941518}.Release|iPhoneSimulator.Build.0 = Release|Any CPU
		{854D8448-023E-4AE8-B693-53B9B0941518}.Release|x64.ActiveCfg = Release|Any CPU
		{854D8448-023E-4AE8-B693-53B9B0941518}.Release|x64.Build.0 = Release|Any CPU
		{854D8448-023E-4AE8-B693-53B9B0941518}.Release|x86.ActiveCfg = Release|Any CPU
		{854D8448-023E-4AE8-B693-53B9B0941518}.Release|x86.Build.0 = Release|Any CPU
		{90ACE64A-E196-458B-849D-8F5E0DE32CC9}.Ad-Hoc|Any CPU.ActiveCfg = Debug|Any CPU
		{90ACE64A-E196-458B-849D-8F5E0DE32CC9}.Ad-Hoc|Any CPU.Build.0 = Debug|Any CPU
		{90ACE64A-E196-458B-849D-8F5E0DE32CC9}.Ad-Hoc|ARM.ActiveCfg = Debug|Any CPU
		{90ACE64A-E196-458B-849D-8F5E0DE32CC9}.Ad-Hoc|ARM.Build.0 = Debug|Any CPU
		{90ACE64A-E196-458B-849D-8F5E0DE32CC9}.Ad-Hoc|iPhone.ActiveCfg = Debug|Any CPU
		{90ACE64A-E196-458B-849D-8F5E0DE32CC9}.Ad-Hoc|iPhone.Build.0 = Debug|Any CPU
		{90ACE64A-E196-458B-849D-8F5E0DE32CC9}.Ad-Hoc|iPhoneSimulator.ActiveCfg = Debug|Any CPU
		{90ACE64A-E196-458B-849D-8F5E0DE32CC9}.Ad-Hoc|iPhoneSimulator.Build.0 = Debug|Any CPU
		{90ACE64A-E196-458B-849D-8F5E0DE32CC9}.Ad-Hoc|x64.ActiveCfg = Debug|Any CPU
		{90ACE64A-E196-458B-849D-8F5E0DE32CC9}.Ad-Hoc|x64.Build.0 = Debug|Any CPU
		{90ACE64A-E196-458B-849D-8F5E0DE32CC9}.Ad-Hoc|x86.ActiveCfg = Debug|Any CPU
		{90ACE64A-E196-458B-849D-8F5E0DE32CC9}.Ad-Hoc|x86.Build.0 = Debug|Any CPU
		{90ACE64A-E196-458B-849D-8F5E0DE32CC9}.AppStore|Any CPU.ActiveCfg = Debug|Any CPU
		{90ACE64A-E196-458B-849D-8F5E0DE32CC9}.AppStore|Any CPU.Build.0 = Debug|Any CPU
		{90ACE64A-E196-458B-849D-8F5E0DE32CC9}.AppStore|ARM.ActiveCfg = Debug|Any CPU
		{90ACE64A-E196-458B-849D-8F5E0DE32CC9}.AppStore|ARM.Build.0 = Debug|Any CPU
		{90ACE64A-E196-458B-849D-8F5E0DE32CC9}.AppStore|iPhone.ActiveCfg = Debug|Any CPU
		{90ACE64A-E196-458B-849D-8F5E0DE32CC9}.AppStore|iPhone.Build.0 = Debug|Any CPU
		{90ACE64A-E196-458B-849D-8F5E0DE32CC9}.AppStore|iPhoneSimulator.ActiveCfg = Debug|Any CPU
		{90ACE64A-E196-458B-849D-8F5E0DE32CC9}.AppStore|iPhoneSimulator.Build.0 = Debug|Any CPU
		{90ACE64A-E196-458B-849D-8F5E0DE32CC9}.AppStore|x64.ActiveCfg = Debug|Any CPU
		{90ACE64A-E196-458B-849D-8F5E0DE32CC9}.AppStore|x64.Build.0 = Debug|Any CPU
		{90ACE64A-E196-458B-849D-8F5E0DE32CC9}.AppStore|x86.ActiveCfg = Debug|Any CPU
		{90ACE64A-E196-458B-849D-8F5E0DE32CC9}.AppStore|x86.Build.0 = Debug|Any CPU
		{90ACE64A-E196-458B-849D-8F5E0DE32CC9}.Debug|Any CPU.ActiveCfg = Debug|Any CPU
		{90ACE64A-E196-458B-849D-8F5E0DE32CC9}.Debug|Any CPU.Build.0 = Debug|Any CPU
		{90ACE64A-E196-458B-849D-8F5E0DE32CC9}.Debug|ARM.ActiveCfg = Debug|Any CPU
		{90ACE64A-E196-458B-849D-8F5E0DE32CC9}.Debug|ARM.Build.0 = Debug|Any CPU
		{90ACE64A-E196-458B-849D-8F5E0DE32CC9}.Debug|iPhone.ActiveCfg = Debug|Any CPU
		{90ACE64A-E196-458B-849D-8F5E0DE32CC9}.Debug|iPhone.Build.0 = Debug|Any CPU
		{90ACE64A-E196-458B-849D-8F5E0DE32CC9}.Debug|iPhoneSimulator.ActiveCfg = Debug|Any CPU
		{90ACE64A-E196-458B-849D-8F5E0DE32CC9}.Debug|iPhoneSimulator.Build.0 = Debug|Any CPU
		{90ACE64A-E196-458B-849D-8F5E0DE32CC9}.Debug|x64.ActiveCfg = Debug|Any CPU
		{90ACE64A-E196-458B-849D-8F5E0DE32CC9}.Debug|x64.Build.0 = Debug|Any CPU
		{90ACE64A-E196-458B-849D-8F5E0DE32CC9}.Debug|x86.ActiveCfg = Debug|Any CPU
		{90ACE64A-E196-458B-849D-8F5E0DE32CC9}.Debug|x86.Build.0 = Debug|Any CPU
		{90ACE64A-E196-458B-849D-8F5E0DE32CC9}.Release|Any CPU.ActiveCfg = Release|Any CPU
		{90ACE64A-E196-458B-849D-8F5E0DE32CC9}.Release|Any CPU.Build.0 = Release|Any CPU
		{90ACE64A-E196-458B-849D-8F5E0DE32CC9}.Release|ARM.ActiveCfg = Release|Any CPU
		{90ACE64A-E196-458B-849D-8F5E0DE32CC9}.Release|ARM.Build.0 = Release|Any CPU
		{90ACE64A-E196-458B-849D-8F5E0DE32CC9}.Release|iPhone.ActiveCfg = Release|Any CPU
		{90ACE64A-E196-458B-849D-8F5E0DE32CC9}.Release|iPhone.Build.0 = Release|Any CPU
		{90ACE64A-E196-458B-849D-8F5E0DE32CC9}.Release|iPhoneSimulator.ActiveCfg = Release|Any CPU
		{90ACE64A-E196-458B-849D-8F5E0DE32CC9}.Release|iPhoneSimulator.Build.0 = Release|Any CPU
		{90ACE64A-E196-458B-849D-8F5E0DE32CC9}.Release|x64.ActiveCfg = Release|Any CPU
		{90ACE64A-E196-458B-849D-8F5E0DE32CC9}.Release|x64.Build.0 = Release|Any CPU
		{90ACE64A-E196-458B-849D-8F5E0DE32CC9}.Release|x86.ActiveCfg = Release|Any CPU
		{90ACE64A-E196-458B-849D-8F5E0DE32CC9}.Release|x86.Build.0 = Release|Any CPU
		{D9BBA41E-90F8-4172-8E6F-B7C8AE470AAC}.Ad-Hoc|Any CPU.ActiveCfg = Release|Any CPU
		{D9BBA41E-90F8-4172-8E6F-B7C8AE470AAC}.Ad-Hoc|Any CPU.Build.0 = Release|Any CPU
		{D9BBA41E-90F8-4172-8E6F-B7C8AE470AAC}.Ad-Hoc|Any CPU.Deploy.0 = Release|Any CPU
		{D9BBA41E-90F8-4172-8E6F-B7C8AE470AAC}.Ad-Hoc|ARM.ActiveCfg = Release|Any CPU
		{D9BBA41E-90F8-4172-8E6F-B7C8AE470AAC}.Ad-Hoc|ARM.Build.0 = Release|Any CPU
		{D9BBA41E-90F8-4172-8E6F-B7C8AE470AAC}.Ad-Hoc|ARM.Deploy.0 = Release|Any CPU
		{D9BBA41E-90F8-4172-8E6F-B7C8AE470AAC}.Ad-Hoc|iPhone.ActiveCfg = Release|Any CPU
		{D9BBA41E-90F8-4172-8E6F-B7C8AE470AAC}.Ad-Hoc|iPhone.Build.0 = Release|Any CPU
		{D9BBA41E-90F8-4172-8E6F-B7C8AE470AAC}.Ad-Hoc|iPhone.Deploy.0 = Release|Any CPU
		{D9BBA41E-90F8-4172-8E6F-B7C8AE470AAC}.Ad-Hoc|iPhoneSimulator.ActiveCfg = Release|Any CPU
		{D9BBA41E-90F8-4172-8E6F-B7C8AE470AAC}.Ad-Hoc|iPhoneSimulator.Build.0 = Release|Any CPU
		{D9BBA41E-90F8-4172-8E6F-B7C8AE470AAC}.Ad-Hoc|iPhoneSimulator.Deploy.0 = Release|Any CPU
		{D9BBA41E-90F8-4172-8E6F-B7C8AE470AAC}.Ad-Hoc|x64.ActiveCfg = Release|Any CPU
		{D9BBA41E-90F8-4172-8E6F-B7C8AE470AAC}.Ad-Hoc|x64.Build.0 = Release|Any CPU
		{D9BBA41E-90F8-4172-8E6F-B7C8AE470AAC}.Ad-Hoc|x64.Deploy.0 = Release|Any CPU
		{D9BBA41E-90F8-4172-8E6F-B7C8AE470AAC}.Ad-Hoc|x86.ActiveCfg = Release|Any CPU
		{D9BBA41E-90F8-4172-8E6F-B7C8AE470AAC}.Ad-Hoc|x86.Build.0 = Release|Any CPU
		{D9BBA41E-90F8-4172-8E6F-B7C8AE470AAC}.Ad-Hoc|x86.Deploy.0 = Release|Any CPU
		{D9BBA41E-90F8-4172-8E6F-B7C8AE470AAC}.AppStore|Any CPU.ActiveCfg = Release|Any CPU
		{D9BBA41E-90F8-4172-8E6F-B7C8AE470AAC}.AppStore|Any CPU.Build.0 = Release|Any CPU
		{D9BBA41E-90F8-4172-8E6F-B7C8AE470AAC}.AppStore|Any CPU.Deploy.0 = Release|Any CPU
		{D9BBA41E-90F8-4172-8E6F-B7C8AE470AAC}.AppStore|ARM.ActiveCfg = Release|Any CPU
		{D9BBA41E-90F8-4172-8E6F-B7C8AE470AAC}.AppStore|ARM.Build.0 = Release|Any CPU
		{D9BBA41E-90F8-4172-8E6F-B7C8AE470AAC}.AppStore|ARM.Deploy.0 = Release|Any CPU
		{D9BBA41E-90F8-4172-8E6F-B7C8AE470AAC}.AppStore|iPhone.ActiveCfg = Release|Any CPU
		{D9BBA41E-90F8-4172-8E6F-B7C8AE470AAC}.AppStore|iPhone.Build.0 = Release|Any CPU
		{D9BBA41E-90F8-4172-8E6F-B7C8AE470AAC}.AppStore|iPhone.Deploy.0 = Release|Any CPU
		{D9BBA41E-90F8-4172-8E6F-B7C8AE470AAC}.AppStore|iPhoneSimulator.ActiveCfg = Release|Any CPU
		{D9BBA41E-90F8-4172-8E6F-B7C8AE470AAC}.AppStore|iPhoneSimulator.Build.0 = Release|Any CPU
		{D9BBA41E-90F8-4172-8E6F-B7C8AE470AAC}.AppStore|iPhoneSimulator.Deploy.0 = Release|Any CPU
		{D9BBA41E-90F8-4172-8E6F-B7C8AE470AAC}.AppStore|x64.ActiveCfg = Release|Any CPU
		{D9BBA41E-90F8-4172-8E6F-B7C8AE470AAC}.AppStore|x64.Build.0 = Release|Any CPU
		{D9BBA41E-90F8-4172-8E6F-B7C8AE470AAC}.AppStore|x64.Deploy.0 = Release|Any CPU
		{D9BBA41E-90F8-4172-8E6F-B7C8AE470AAC}.AppStore|x86.ActiveCfg = Release|Any CPU
		{D9BBA41E-90F8-4172-8E6F-B7C8AE470AAC}.AppStore|x86.Build.0 = Release|Any CPU
		{D9BBA41E-90F8-4172-8E6F-B7C8AE470AAC}.AppStore|x86.Deploy.0 = Release|Any CPU
		{D9BBA41E-90F8-4172-8E6F-B7C8AE470AAC}.Debug|Any CPU.ActiveCfg = Debug|Any CPU
		{D9BBA41E-90F8-4172-8E6F-B7C8AE470AAC}.Debug|Any CPU.Build.0 = Debug|Any CPU
		{D9BBA41E-90F8-4172-8E6F-B7C8AE470AAC}.Debug|Any CPU.Deploy.0 = Debug|Any CPU
		{D9BBA41E-90F8-4172-8E6F-B7C8AE470AAC}.Debug|ARM.ActiveCfg = Debug|Any CPU
		{D9BBA41E-90F8-4172-8E6F-B7C8AE470AAC}.Debug|ARM.Build.0 = Debug|Any CPU
		{D9BBA41E-90F8-4172-8E6F-B7C8AE470AAC}.Debug|ARM.Deploy.0 = Debug|Any CPU
		{D9BBA41E-90F8-4172-8E6F-B7C8AE470AAC}.Debug|iPhone.ActiveCfg = Debug|Any CPU
		{D9BBA41E-90F8-4172-8E6F-B7C8AE470AAC}.Debug|iPhone.Build.0 = Debug|Any CPU
		{D9BBA41E-90F8-4172-8E6F-B7C8AE470AAC}.Debug|iPhone.Deploy.0 = Debug|Any CPU
		{D9BBA41E-90F8-4172-8E6F-B7C8AE470AAC}.Debug|iPhoneSimulator.ActiveCfg = Debug|Any CPU
		{D9BBA41E-90F8-4172-8E6F-B7C8AE470AAC}.Debug|iPhoneSimulator.Build.0 = Debug|Any CPU
		{D9BBA41E-90F8-4172-8E6F-B7C8AE470AAC}.Debug|iPhoneSimulator.Deploy.0 = Debug|Any CPU
		{D9BBA41E-90F8-4172-8E6F-B7C8AE470AAC}.Debug|x64.ActiveCfg = Debug|Any CPU
		{D9BBA41E-90F8-4172-8E6F-B7C8AE470AAC}.Debug|x64.Build.0 = Debug|Any CPU
		{D9BBA41E-90F8-4172-8E6F-B7C8AE470AAC}.Debug|x64.Deploy.0 = Debug|Any CPU
		{D9BBA41E-90F8-4172-8E6F-B7C8AE470AAC}.Debug|x86.ActiveCfg = Debug|Any CPU
		{D9BBA41E-90F8-4172-8E6F-B7C8AE470AAC}.Debug|x86.Build.0 = Debug|Any CPU
		{D9BBA41E-90F8-4172-8E6F-B7C8AE470AAC}.Debug|x86.Deploy.0 = Debug|Any CPU
		{D9BBA41E-90F8-4172-8E6F-B7C8AE470AAC}.Release|Any CPU.ActiveCfg = Release|Any CPU
		{D9BBA41E-90F8-4172-8E6F-B7C8AE470AAC}.Release|Any CPU.Build.0 = Release|Any CPU
		{D9BBA41E-90F8-4172-8E6F-B7C8AE470AAC}.Release|Any CPU.Deploy.0 = Release|Any CPU
		{D9BBA41E-90F8-4172-8E6F-B7C8AE470AAC}.Release|ARM.ActiveCfg = Release|Any CPU
		{D9BBA41E-90F8-4172-8E6F-B7C8AE470AAC}.Release|ARM.Build.0 = Release|Any CPU
		{D9BBA41E-90F8-4172-8E6F-B7C8AE470AAC}.Release|ARM.Deploy.0 = Release|Any CPU
		{D9BBA41E-90F8-4172-8E6F-B7C8AE470AAC}.Release|iPhone.ActiveCfg = Release|Any CPU
		{D9BBA41E-90F8-4172-8E6F-B7C8AE470AAC}.Release|iPhone.Build.0 = Release|Any CPU
		{D9BBA41E-90F8-4172-8E6F-B7C8AE470AAC}.Release|iPhone.Deploy.0 = Release|Any CPU
		{D9BBA41E-90F8-4172-8E6F-B7C8AE470AAC}.Release|iPhoneSimulator.ActiveCfg = Release|Any CPU
		{D9BBA41E-90F8-4172-8E6F-B7C8AE470AAC}.Release|iPhoneSimulator.Build.0 = Release|Any CPU
		{D9BBA41E-90F8-4172-8E6F-B7C8AE470AAC}.Release|iPhoneSimulator.Deploy.0 = Release|Any CPU
		{D9BBA41E-90F8-4172-8E6F-B7C8AE470AAC}.Release|x64.ActiveCfg = Release|Any CPU
		{D9BBA41E-90F8-4172-8E6F-B7C8AE470AAC}.Release|x64.Build.0 = Release|Any CPU
		{D9BBA41E-90F8-4172-8E6F-B7C8AE470AAC}.Release|x64.Deploy.0 = Release|Any CPU
		{D9BBA41E-90F8-4172-8E6F-B7C8AE470AAC}.Release|x86.ActiveCfg = Release|Any CPU
		{D9BBA41E-90F8-4172-8E6F-B7C8AE470AAC}.Release|x86.Build.0 = Release|Any CPU
		{D9BBA41E-90F8-4172-8E6F-B7C8AE470AAC}.Release|x86.Deploy.0 = Release|Any CPU
		{C1DE1A7C-D0B3-4A91-8229-05C8B3AE39BA}.Ad-Hoc|Any CPU.ActiveCfg = Ad-Hoc|iPhone
		{C1DE1A7C-D0B3-4A91-8229-05C8B3AE39BA}.Ad-Hoc|ARM.ActiveCfg = Ad-Hoc|iPhone
		{C1DE1A7C-D0B3-4A91-8229-05C8B3AE39BA}.Ad-Hoc|iPhone.ActiveCfg = Ad-Hoc|iPhone
		{C1DE1A7C-D0B3-4A91-8229-05C8B3AE39BA}.Ad-Hoc|iPhone.Build.0 = Ad-Hoc|iPhone
		{C1DE1A7C-D0B3-4A91-8229-05C8B3AE39BA}.Ad-Hoc|iPhoneSimulator.ActiveCfg = Ad-Hoc|iPhoneSimulator
		{C1DE1A7C-D0B3-4A91-8229-05C8B3AE39BA}.Ad-Hoc|iPhoneSimulator.Build.0 = Ad-Hoc|iPhoneSimulator
		{C1DE1A7C-D0B3-4A91-8229-05C8B3AE39BA}.Ad-Hoc|x64.ActiveCfg = Ad-Hoc|iPhone
		{C1DE1A7C-D0B3-4A91-8229-05C8B3AE39BA}.Ad-Hoc|x86.ActiveCfg = Ad-Hoc|iPhone
		{C1DE1A7C-D0B3-4A91-8229-05C8B3AE39BA}.AppStore|Any CPU.ActiveCfg = AppStore|iPhone
		{C1DE1A7C-D0B3-4A91-8229-05C8B3AE39BA}.AppStore|ARM.ActiveCfg = AppStore|iPhone
		{C1DE1A7C-D0B3-4A91-8229-05C8B3AE39BA}.AppStore|iPhone.ActiveCfg = AppStore|iPhone
		{C1DE1A7C-D0B3-4A91-8229-05C8B3AE39BA}.AppStore|iPhone.Build.0 = AppStore|iPhone
		{C1DE1A7C-D0B3-4A91-8229-05C8B3AE39BA}.AppStore|iPhoneSimulator.ActiveCfg = AppStore|iPhoneSimulator
		{C1DE1A7C-D0B3-4A91-8229-05C8B3AE39BA}.AppStore|iPhoneSimulator.Build.0 = AppStore|iPhoneSimulator
		{C1DE1A7C-D0B3-4A91-8229-05C8B3AE39BA}.AppStore|x64.ActiveCfg = AppStore|iPhone
		{C1DE1A7C-D0B3-4A91-8229-05C8B3AE39BA}.AppStore|x86.ActiveCfg = AppStore|iPhone
		{C1DE1A7C-D0B3-4A91-8229-05C8B3AE39BA}.Debug|Any CPU.ActiveCfg = Debug|iPhone
		{C1DE1A7C-D0B3-4A91-8229-05C8B3AE39BA}.Debug|ARM.ActiveCfg = Debug|iPhone
		{C1DE1A7C-D0B3-4A91-8229-05C8B3AE39BA}.Debug|iPhone.ActiveCfg = Debug|iPhone
		{C1DE1A7C-D0B3-4A91-8229-05C8B3AE39BA}.Debug|iPhone.Build.0 = Debug|iPhone
		{C1DE1A7C-D0B3-4A91-8229-05C8B3AE39BA}.Debug|iPhoneSimulator.ActiveCfg = Debug|iPhoneSimulator
		{C1DE1A7C-D0B3-4A91-8229-05C8B3AE39BA}.Debug|iPhoneSimulator.Build.0 = Debug|iPhoneSimulator
		{C1DE1A7C-D0B3-4A91-8229-05C8B3AE39BA}.Debug|x64.ActiveCfg = Debug|iPhone
		{C1DE1A7C-D0B3-4A91-8229-05C8B3AE39BA}.Debug|x86.ActiveCfg = Debug|iPhone
		{C1DE1A7C-D0B3-4A91-8229-05C8B3AE39BA}.Release|Any CPU.ActiveCfg = Release|iPhone
		{C1DE1A7C-D0B3-4A91-8229-05C8B3AE39BA}.Release|ARM.ActiveCfg = Release|iPhone
		{C1DE1A7C-D0B3-4A91-8229-05C8B3AE39BA}.Release|iPhone.ActiveCfg = Release|iPhone
		{C1DE1A7C-D0B3-4A91-8229-05C8B3AE39BA}.Release|iPhone.Build.0 = Release|iPhone
		{C1DE1A7C-D0B3-4A91-8229-05C8B3AE39BA}.Release|iPhoneSimulator.ActiveCfg = Release|iPhoneSimulator
		{C1DE1A7C-D0B3-4A91-8229-05C8B3AE39BA}.Release|iPhoneSimulator.Build.0 = Release|iPhoneSimulator
		{C1DE1A7C-D0B3-4A91-8229-05C8B3AE39BA}.Release|x64.ActiveCfg = Release|iPhone
		{C1DE1A7C-D0B3-4A91-8229-05C8B3AE39BA}.Release|x86.ActiveCfg = Release|iPhone
		{65410D1D-08B7-49ED-A719-9F1F98D8F57F}.Ad-Hoc|Any CPU.ActiveCfg = Release|x86
		{65410D1D-08B7-49ED-A719-9F1F98D8F57F}.Ad-Hoc|Any CPU.Build.0 = Release|x86
		{65410D1D-08B7-49ED-A719-9F1F98D8F57F}.Ad-Hoc|Any CPU.Deploy.0 = Release|x86
		{65410D1D-08B7-49ED-A719-9F1F98D8F57F}.Ad-Hoc|ARM.ActiveCfg = Release|ARM
		{65410D1D-08B7-49ED-A719-9F1F98D8F57F}.Ad-Hoc|ARM.Build.0 = Release|ARM
		{65410D1D-08B7-49ED-A719-9F1F98D8F57F}.Ad-Hoc|ARM.Deploy.0 = Release|ARM
		{65410D1D-08B7-49ED-A719-9F1F98D8F57F}.Ad-Hoc|iPhone.ActiveCfg = Release|x86
		{65410D1D-08B7-49ED-A719-9F1F98D8F57F}.Ad-Hoc|iPhone.Build.0 = Release|x86
		{65410D1D-08B7-49ED-A719-9F1F98D8F57F}.Ad-Hoc|iPhone.Deploy.0 = Release|x86
		{65410D1D-08B7-49ED-A719-9F1F98D8F57F}.Ad-Hoc|iPhoneSimulator.ActiveCfg = Release|x86
		{65410D1D-08B7-49ED-A719-9F1F98D8F57F}.Ad-Hoc|iPhoneSimulator.Build.0 = Release|x86
		{65410D1D-08B7-49ED-A719-9F1F98D8F57F}.Ad-Hoc|iPhoneSimulator.Deploy.0 = Release|x86
		{65410D1D-08B7-49ED-A719-9F1F98D8F57F}.Ad-Hoc|x64.ActiveCfg = Release|x64
		{65410D1D-08B7-49ED-A719-9F1F98D8F57F}.Ad-Hoc|x64.Build.0 = Release|x64
		{65410D1D-08B7-49ED-A719-9F1F98D8F57F}.Ad-Hoc|x64.Deploy.0 = Release|x64
		{65410D1D-08B7-49ED-A719-9F1F98D8F57F}.Ad-Hoc|x86.ActiveCfg = Release|x86
		{65410D1D-08B7-49ED-A719-9F1F98D8F57F}.Ad-Hoc|x86.Build.0 = Release|x86
		{65410D1D-08B7-49ED-A719-9F1F98D8F57F}.Ad-Hoc|x86.Deploy.0 = Release|x86
		{65410D1D-08B7-49ED-A719-9F1F98D8F57F}.AppStore|Any CPU.ActiveCfg = Release|x86
		{65410D1D-08B7-49ED-A719-9F1F98D8F57F}.AppStore|Any CPU.Build.0 = Release|x86
		{65410D1D-08B7-49ED-A719-9F1F98D8F57F}.AppStore|Any CPU.Deploy.0 = Release|x86
		{65410D1D-08B7-49ED-A719-9F1F98D8F57F}.AppStore|ARM.ActiveCfg = Release|ARM
		{65410D1D-08B7-49ED-A719-9F1F98D8F57F}.AppStore|ARM.Build.0 = Release|ARM
		{65410D1D-08B7-49ED-A719-9F1F98D8F57F}.AppStore|ARM.Deploy.0 = Release|ARM
		{65410D1D-08B7-49ED-A719-9F1F98D8F57F}.AppStore|iPhone.ActiveCfg = Release|x86
		{65410D1D-08B7-49ED-A719-9F1F98D8F57F}.AppStore|iPhone.Build.0 = Release|x86
		{65410D1D-08B7-49ED-A719-9F1F98D8F57F}.AppStore|iPhone.Deploy.0 = Release|x86
		{65410D1D-08B7-49ED-A719-9F1F98D8F57F}.AppStore|iPhoneSimulator.ActiveCfg = Release|x86
		{65410D1D-08B7-49ED-A719-9F1F98D8F57F}.AppStore|iPhoneSimulator.Build.0 = Release|x86
		{65410D1D-08B7-49ED-A719-9F1F98D8F57F}.AppStore|iPhoneSimulator.Deploy.0 = Release|x86
		{65410D1D-08B7-49ED-A719-9F1F98D8F57F}.AppStore|x64.ActiveCfg = Release|x64
		{65410D1D-08B7-49ED-A719-9F1F98D8F57F}.AppStore|x64.Build.0 = Release|x64
		{65410D1D-08B7-49ED-A719-9F1F98D8F57F}.AppStore|x64.Deploy.0 = Release|x64
		{65410D1D-08B7-49ED-A719-9F1F98D8F57F}.AppStore|x86.ActiveCfg = Release|x86
		{65410D1D-08B7-49ED-A719-9F1F98D8F57F}.AppStore|x86.Build.0 = Release|x86
		{65410D1D-08B7-49ED-A719-9F1F98D8F57F}.AppStore|x86.Deploy.0 = Release|x86
		{65410D1D-08B7-49ED-A719-9F1F98D8F57F}.Debug|Any CPU.ActiveCfg = Debug|x86
		{65410D1D-08B7-49ED-A719-9F1F98D8F57F}.Debug|ARM.ActiveCfg = Debug|ARM
		{65410D1D-08B7-49ED-A719-9F1F98D8F57F}.Debug|ARM.Build.0 = Debug|ARM
		{65410D1D-08B7-49ED-A719-9F1F98D8F57F}.Debug|ARM.Deploy.0 = Debug|ARM
		{65410D1D-08B7-49ED-A719-9F1F98D8F57F}.Debug|iPhone.ActiveCfg = Debug|x86
		{65410D1D-08B7-49ED-A719-9F1F98D8F57F}.Debug|iPhoneSimulator.ActiveCfg = Debug|x86
		{65410D1D-08B7-49ED-A719-9F1F98D8F57F}.Debug|x64.ActiveCfg = Debug|x64
		{65410D1D-08B7-49ED-A719-9F1F98D8F57F}.Debug|x64.Build.0 = Debug|x64
		{65410D1D-08B7-49ED-A719-9F1F98D8F57F}.Debug|x64.Deploy.0 = Debug|x64
		{65410D1D-08B7-49ED-A719-9F1F98D8F57F}.Debug|x86.ActiveCfg = Debug|x86
		{65410D1D-08B7-49ED-A719-9F1F98D8F57F}.Debug|x86.Build.0 = Debug|x86
		{65410D1D-08B7-49ED-A719-9F1F98D8F57F}.Debug|x86.Deploy.0 = Debug|x86
		{65410D1D-08B7-49ED-A719-9F1F98D8F57F}.Release|Any CPU.ActiveCfg = Release|x86
		{65410D1D-08B7-49ED-A719-9F1F98D8F57F}.Release|ARM.ActiveCfg = Release|ARM
		{65410D1D-08B7-49ED-A719-9F1F98D8F57F}.Release|ARM.Build.0 = Release|ARM
		{65410D1D-08B7-49ED-A719-9F1F98D8F57F}.Release|ARM.Deploy.0 = Release|ARM
		{65410D1D-08B7-49ED-A719-9F1F98D8F57F}.Release|iPhone.ActiveCfg = Release|x86
		{65410D1D-08B7-49ED-A719-9F1F98D8F57F}.Release|iPhoneSimulator.ActiveCfg = Release|x86
		{65410D1D-08B7-49ED-A719-9F1F98D8F57F}.Release|x64.ActiveCfg = Release|x64
		{65410D1D-08B7-49ED-A719-9F1F98D8F57F}.Release|x64.Build.0 = Release|x64
		{65410D1D-08B7-49ED-A719-9F1F98D8F57F}.Release|x64.Deploy.0 = Release|x64
		{65410D1D-08B7-49ED-A719-9F1F98D8F57F}.Release|x86.ActiveCfg = Release|x86
		{65410D1D-08B7-49ED-A719-9F1F98D8F57F}.Release|x86.Build.0 = Release|x86
		{65410D1D-08B7-49ED-A719-9F1F98D8F57F}.Release|x86.Deploy.0 = Release|x86
		{2BCB60D2-CD7E-4828-855C-F21783F31DB9}.Ad-Hoc|Any CPU.ActiveCfg = Debug|Any CPU
		{2BCB60D2-CD7E-4828-855C-F21783F31DB9}.Ad-Hoc|Any CPU.Build.0 = Debug|Any CPU
		{2BCB60D2-CD7E-4828-855C-F21783F31DB9}.Ad-Hoc|ARM.ActiveCfg = Debug|Any CPU
		{2BCB60D2-CD7E-4828-855C-F21783F31DB9}.Ad-Hoc|ARM.Build.0 = Debug|Any CPU
		{2BCB60D2-CD7E-4828-855C-F21783F31DB9}.Ad-Hoc|iPhone.ActiveCfg = Debug|Any CPU
		{2BCB60D2-CD7E-4828-855C-F21783F31DB9}.Ad-Hoc|iPhone.Build.0 = Debug|Any CPU
		{2BCB60D2-CD7E-4828-855C-F21783F31DB9}.Ad-Hoc|iPhoneSimulator.ActiveCfg = Debug|Any CPU
		{2BCB60D2-CD7E-4828-855C-F21783F31DB9}.Ad-Hoc|iPhoneSimulator.Build.0 = Debug|Any CPU
		{2BCB60D2-CD7E-4828-855C-F21783F31DB9}.Ad-Hoc|x64.ActiveCfg = Debug|Any CPU
		{2BCB60D2-CD7E-4828-855C-F21783F31DB9}.Ad-Hoc|x64.Build.0 = Debug|Any CPU
		{2BCB60D2-CD7E-4828-855C-F21783F31DB9}.Ad-Hoc|x86.ActiveCfg = Debug|Any CPU
		{2BCB60D2-CD7E-4828-855C-F21783F31DB9}.Ad-Hoc|x86.Build.0 = Debug|Any CPU
		{2BCB60D2-CD7E-4828-855C-F21783F31DB9}.AppStore|Any CPU.ActiveCfg = Debug|Any CPU
		{2BCB60D2-CD7E-4828-855C-F21783F31DB9}.AppStore|Any CPU.Build.0 = Debug|Any CPU
		{2BCB60D2-CD7E-4828-855C-F21783F31DB9}.AppStore|ARM.ActiveCfg = Debug|Any CPU
		{2BCB60D2-CD7E-4828-855C-F21783F31DB9}.AppStore|ARM.Build.0 = Debug|Any CPU
		{2BCB60D2-CD7E-4828-855C-F21783F31DB9}.AppStore|iPhone.ActiveCfg = Debug|Any CPU
		{2BCB60D2-CD7E-4828-855C-F21783F31DB9}.AppStore|iPhone.Build.0 = Debug|Any CPU
		{2BCB60D2-CD7E-4828-855C-F21783F31DB9}.AppStore|iPhoneSimulator.ActiveCfg = Debug|Any CPU
		{2BCB60D2-CD7E-4828-855C-F21783F31DB9}.AppStore|iPhoneSimulator.Build.0 = Debug|Any CPU
		{2BCB60D2-CD7E-4828-855C-F21783F31DB9}.AppStore|x64.ActiveCfg = Debug|Any CPU
		{2BCB60D2-CD7E-4828-855C-F21783F31DB9}.AppStore|x64.Build.0 = Debug|Any CPU
		{2BCB60D2-CD7E-4828-855C-F21783F31DB9}.AppStore|x86.ActiveCfg = Debug|Any CPU
		{2BCB60D2-CD7E-4828-855C-F21783F31DB9}.AppStore|x86.Build.0 = Debug|Any CPU
		{2BCB60D2-CD7E-4828-855C-F21783F31DB9}.Debug|Any CPU.ActiveCfg = Debug|Any CPU
		{2BCB60D2-CD7E-4828-855C-F21783F31DB9}.Debug|Any CPU.Build.0 = Debug|Any CPU
		{2BCB60D2-CD7E-4828-855C-F21783F31DB9}.Debug|ARM.ActiveCfg = Debug|Any CPU
		{2BCB60D2-CD7E-4828-855C-F21783F31DB9}.Debug|ARM.Build.0 = Debug|Any CPU
		{2BCB60D2-CD7E-4828-855C-F21783F31DB9}.Debug|iPhone.ActiveCfg = Debug|Any CPU
		{2BCB60D2-CD7E-4828-855C-F21783F31DB9}.Debug|iPhone.Build.0 = Debug|Any CPU
		{2BCB60D2-CD7E-4828-855C-F21783F31DB9}.Debug|iPhoneSimulator.ActiveCfg = Debug|Any CPU
		{2BCB60D2-CD7E-4828-855C-F21783F31DB9}.Debug|iPhoneSimulator.Build.0 = Debug|Any CPU
		{2BCB60D2-CD7E-4828-855C-F21783F31DB9}.Debug|x64.ActiveCfg = Debug|Any CPU
		{2BCB60D2-CD7E-4828-855C-F21783F31DB9}.Debug|x64.Build.0 = Debug|Any CPU
		{2BCB60D2-CD7E-4828-855C-F21783F31DB9}.Debug|x86.ActiveCfg = Debug|Any CPU
		{2BCB60D2-CD7E-4828-855C-F21783F31DB9}.Debug|x86.Build.0 = Debug|Any CPU
		{2BCB60D2-CD7E-4828-855C-F21783F31DB9}.Release|Any CPU.ActiveCfg = Release|Any CPU
		{2BCB60D2-CD7E-4828-855C-F21783F31DB9}.Release|Any CPU.Build.0 = Release|Any CPU
		{2BCB60D2-CD7E-4828-855C-F21783F31DB9}.Release|ARM.ActiveCfg = Release|Any CPU
		{2BCB60D2-CD7E-4828-855C-F21783F31DB9}.Release|ARM.Build.0 = Release|Any CPU
		{2BCB60D2-CD7E-4828-855C-F21783F31DB9}.Release|iPhone.ActiveCfg = Release|Any CPU
		{2BCB60D2-CD7E-4828-855C-F21783F31DB9}.Release|iPhone.Build.0 = Release|Any CPU
		{2BCB60D2-CD7E-4828-855C-F21783F31DB9}.Release|iPhoneSimulator.ActiveCfg = Release|Any CPU
		{2BCB60D2-CD7E-4828-855C-F21783F31DB9}.Release|iPhoneSimulator.Build.0 = Release|Any CPU
		{2BCB60D2-CD7E-4828-855C-F21783F31DB9}.Release|x64.ActiveCfg = Release|Any CPU
		{2BCB60D2-CD7E-4828-855C-F21783F31DB9}.Release|x64.Build.0 = Release|Any CPU
		{2BCB60D2-CD7E-4828-855C-F21783F31DB9}.Release|x86.ActiveCfg = Release|Any CPU
		{2BCB60D2-CD7E-4828-855C-F21783F31DB9}.Release|x86.Build.0 = Release|Any CPU
		{603B9D89-5CFB-4ECC-8421-CBF52022850F}.Ad-Hoc|Any CPU.ActiveCfg = Release|Any CPU
		{603B9D89-5CFB-4ECC-8421-CBF52022850F}.Ad-Hoc|Any CPU.Build.0 = Release|Any CPU
		{603B9D89-5CFB-4ECC-8421-CBF52022850F}.Ad-Hoc|ARM.ActiveCfg = Release|Any CPU
		{603B9D89-5CFB-4ECC-8421-CBF52022850F}.Ad-Hoc|ARM.Build.0 = Release|Any CPU
		{603B9D89-5CFB-4ECC-8421-CBF52022850F}.Ad-Hoc|iPhone.ActiveCfg = Release|Any CPU
		{603B9D89-5CFB-4ECC-8421-CBF52022850F}.Ad-Hoc|iPhone.Build.0 = Release|Any CPU
		{603B9D89-5CFB-4ECC-8421-CBF52022850F}.Ad-Hoc|iPhoneSimulator.ActiveCfg = Release|Any CPU
		{603B9D89-5CFB-4ECC-8421-CBF52022850F}.Ad-Hoc|iPhoneSimulator.Build.0 = Release|Any CPU
		{603B9D89-5CFB-4ECC-8421-CBF52022850F}.Ad-Hoc|x64.ActiveCfg = Release|Any CPU
		{603B9D89-5CFB-4ECC-8421-CBF52022850F}.Ad-Hoc|x64.Build.0 = Release|Any CPU
		{603B9D89-5CFB-4ECC-8421-CBF52022850F}.Ad-Hoc|x86.ActiveCfg = Release|Any CPU
		{603B9D89-5CFB-4ECC-8421-CBF52022850F}.Ad-Hoc|x86.Build.0 = Release|Any CPU
		{603B9D89-5CFB-4ECC-8421-CBF52022850F}.AppStore|Any CPU.ActiveCfg = Release|Any CPU
		{603B9D89-5CFB-4ECC-8421-CBF52022850F}.AppStore|Any CPU.Build.0 = Release|Any CPU
		{603B9D89-5CFB-4ECC-8421-CBF52022850F}.AppStore|ARM.ActiveCfg = Release|Any CPU
		{603B9D89-5CFB-4ECC-8421-CBF52022850F}.AppStore|ARM.Build.0 = Release|Any CPU
		{603B9D89-5CFB-4ECC-8421-CBF52022850F}.AppStore|iPhone.ActiveCfg = Release|Any CPU
		{603B9D89-5CFB-4ECC-8421-CBF52022850F}.AppStore|iPhone.Build.0 = Release|Any CPU
		{603B9D89-5CFB-4ECC-8421-CBF52022850F}.AppStore|iPhoneSimulator.ActiveCfg = Release|Any CPU
		{603B9D89-5CFB-4ECC-8421-CBF52022850F}.AppStore|iPhoneSimulator.Build.0 = Release|Any CPU
		{603B9D89-5CFB-4ECC-8421-CBF52022850F}.AppStore|x64.ActiveCfg = Release|Any CPU
		{603B9D89-5CFB-4ECC-8421-CBF52022850F}.AppStore|x64.Build.0 = Release|Any CPU
		{603B9D89-5CFB-4ECC-8421-CBF52022850F}.AppStore|x86.ActiveCfg = Release|Any CPU
		{603B9D89-5CFB-4ECC-8421-CBF52022850F}.AppStore|x86.Build.0 = Release|Any CPU
		{603B9D89-5CFB-4ECC-8421-CBF52022850F}.Debug|Any CPU.ActiveCfg = Debug|Any CPU
		{603B9D89-5CFB-4ECC-8421-CBF52022850F}.Debug|Any CPU.Build.0 = Debug|Any CPU
		{603B9D89-5CFB-4ECC-8421-CBF52022850F}.Debug|ARM.ActiveCfg = Debug|Any CPU
		{603B9D89-5CFB-4ECC-8421-CBF52022850F}.Debug|ARM.Build.0 = Debug|Any CPU
		{603B9D89-5CFB-4ECC-8421-CBF52022850F}.Debug|iPhone.ActiveCfg = Debug|Any CPU
		{603B9D89-5CFB-4ECC-8421-CBF52022850F}.Debug|iPhone.Build.0 = Debug|Any CPU
		{603B9D89-5CFB-4ECC-8421-CBF52022850F}.Debug|iPhoneSimulator.ActiveCfg = Debug|Any CPU
		{603B9D89-5CFB-4ECC-8421-CBF52022850F}.Debug|iPhoneSimulator.Build.0 = Debug|Any CPU
		{603B9D89-5CFB-4ECC-8421-CBF52022850F}.Debug|x64.ActiveCfg = Debug|Any CPU
		{603B9D89-5CFB-4ECC-8421-CBF52022850F}.Debug|x64.Build.0 = Debug|Any CPU
		{603B9D89-5CFB-4ECC-8421-CBF52022850F}.Debug|x86.ActiveCfg = Debug|Any CPU
		{603B9D89-5CFB-4ECC-8421-CBF52022850F}.Debug|x86.Build.0 = Debug|Any CPU
		{603B9D89-5CFB-4ECC-8421-CBF52022850F}.Release|Any CPU.ActiveCfg = Release|Any CPU
		{603B9D89-5CFB-4ECC-8421-CBF52022850F}.Release|Any CPU.Build.0 = Release|Any CPU
		{603B9D89-5CFB-4ECC-8421-CBF52022850F}.Release|ARM.ActiveCfg = Release|Any CPU
		{603B9D89-5CFB-4ECC-8421-CBF52022850F}.Release|ARM.Build.0 = Release|Any CPU
		{603B9D89-5CFB-4ECC-8421-CBF52022850F}.Release|iPhone.ActiveCfg = Release|Any CPU
		{603B9D89-5CFB-4ECC-8421-CBF52022850F}.Release|iPhone.Build.0 = Release|Any CPU
		{603B9D89-5CFB-4ECC-8421-CBF52022850F}.Release|iPhoneSimulator.ActiveCfg = Release|Any CPU
		{603B9D89-5CFB-4ECC-8421-CBF52022850F}.Release|iPhoneSimulator.Build.0 = Release|Any CPU
		{603B9D89-5CFB-4ECC-8421-CBF52022850F}.Release|x64.ActiveCfg = Release|Any CPU
		{603B9D89-5CFB-4ECC-8421-CBF52022850F}.Release|x64.Build.0 = Release|Any CPU
		{603B9D89-5CFB-4ECC-8421-CBF52022850F}.Release|x86.ActiveCfg = Release|Any CPU
		{603B9D89-5CFB-4ECC-8421-CBF52022850F}.Release|x86.Build.0 = Release|Any CPU
		{6B2A2780-3918-48A0-9846-8FC978FB6978}.Ad-Hoc|Any CPU.ActiveCfg = Debug|Any CPU
		{6B2A2780-3918-48A0-9846-8FC978FB6978}.Ad-Hoc|Any CPU.Build.0 = Debug|Any CPU
		{6B2A2780-3918-48A0-9846-8FC978FB6978}.Ad-Hoc|ARM.ActiveCfg = Debug|Any CPU
		{6B2A2780-3918-48A0-9846-8FC978FB6978}.Ad-Hoc|ARM.Build.0 = Debug|Any CPU
		{6B2A2780-3918-48A0-9846-8FC978FB6978}.Ad-Hoc|iPhone.ActiveCfg = Debug|Any CPU
		{6B2A2780-3918-48A0-9846-8FC978FB6978}.Ad-Hoc|iPhone.Build.0 = Debug|Any CPU
		{6B2A2780-3918-48A0-9846-8FC978FB6978}.Ad-Hoc|iPhoneSimulator.ActiveCfg = Debug|Any CPU
		{6B2A2780-3918-48A0-9846-8FC978FB6978}.Ad-Hoc|iPhoneSimulator.Build.0 = Debug|Any CPU
		{6B2A2780-3918-48A0-9846-8FC978FB6978}.Ad-Hoc|x64.ActiveCfg = Debug|Any CPU
		{6B2A2780-3918-48A0-9846-8FC978FB6978}.Ad-Hoc|x64.Build.0 = Debug|Any CPU
		{6B2A2780-3918-48A0-9846-8FC978FB6978}.Ad-Hoc|x86.ActiveCfg = Debug|Any CPU
		{6B2A2780-3918-48A0-9846-8FC978FB6978}.Ad-Hoc|x86.Build.0 = Debug|Any CPU
		{6B2A2780-3918-48A0-9846-8FC978FB6978}.AppStore|Any CPU.ActiveCfg = Debug|Any CPU
		{6B2A2780-3918-48A0-9846-8FC978FB6978}.AppStore|Any CPU.Build.0 = Debug|Any CPU
		{6B2A2780-3918-48A0-9846-8FC978FB6978}.AppStore|ARM.ActiveCfg = Debug|Any CPU
		{6B2A2780-3918-48A0-9846-8FC978FB6978}.AppStore|ARM.Build.0 = Debug|Any CPU
		{6B2A2780-3918-48A0-9846-8FC978FB6978}.AppStore|iPhone.ActiveCfg = Debug|Any CPU
		{6B2A2780-3918-48A0-9846-8FC978FB6978}.AppStore|iPhone.Build.0 = Debug|Any CPU
		{6B2A2780-3918-48A0-9846-8FC978FB6978}.AppStore|iPhoneSimulator.ActiveCfg = Debug|Any CPU
		{6B2A2780-3918-48A0-9846-8FC978FB6978}.AppStore|iPhoneSimulator.Build.0 = Debug|Any CPU
		{6B2A2780-3918-48A0-9846-8FC978FB6978}.AppStore|x64.ActiveCfg = Debug|Any CPU
		{6B2A2780-3918-48A0-9846-8FC978FB6978}.AppStore|x64.Build.0 = Debug|Any CPU
		{6B2A2780-3918-48A0-9846-8FC978FB6978}.AppStore|x86.ActiveCfg = Debug|Any CPU
		{6B2A2780-3918-48A0-9846-8FC978FB6978}.AppStore|x86.Build.0 = Debug|Any CPU
		{6B2A2780-3918-48A0-9846-8FC978FB6978}.Debug|Any CPU.ActiveCfg = Debug|Any CPU
		{6B2A2780-3918-48A0-9846-8FC978FB6978}.Debug|Any CPU.Build.0 = Debug|Any CPU
		{6B2A2780-3918-48A0-9846-8FC978FB6978}.Debug|ARM.ActiveCfg = Debug|Any CPU
		{6B2A2780-3918-48A0-9846-8FC978FB6978}.Debug|ARM.Build.0 = Debug|Any CPU
		{6B2A2780-3918-48A0-9846-8FC978FB6978}.Debug|iPhone.ActiveCfg = Debug|Any CPU
		{6B2A2780-3918-48A0-9846-8FC978FB6978}.Debug|iPhone.Build.0 = Debug|Any CPU
		{6B2A2780-3918-48A0-9846-8FC978FB6978}.Debug|iPhoneSimulator.ActiveCfg = Debug|Any CPU
		{6B2A2780-3918-48A0-9846-8FC978FB6978}.Debug|iPhoneSimulator.Build.0 = Debug|Any CPU
		{6B2A2780-3918-48A0-9846-8FC978FB6978}.Debug|x64.ActiveCfg = Debug|Any CPU
		{6B2A2780-3918-48A0-9846-8FC978FB6978}.Debug|x64.Build.0 = Debug|Any CPU
		{6B2A2780-3918-48A0-9846-8FC978FB6978}.Debug|x86.ActiveCfg = Debug|Any CPU
		{6B2A2780-3918-48A0-9846-8FC978FB6978}.Debug|x86.Build.0 = Debug|Any CPU
		{6B2A2780-3918-48A0-9846-8FC978FB6978}.Release|Any CPU.ActiveCfg = Release|Any CPU
		{6B2A2780-3918-48A0-9846-8FC978FB6978}.Release|Any CPU.Build.0 = Release|Any CPU
		{6B2A2780-3918-48A0-9846-8FC978FB6978}.Release|ARM.ActiveCfg = Release|Any CPU
		{6B2A2780-3918-48A0-9846-8FC978FB6978}.Release|ARM.Build.0 = Release|Any CPU
		{6B2A2780-3918-48A0-9846-8FC978FB6978}.Release|iPhone.ActiveCfg = Release|Any CPU
		{6B2A2780-3918-48A0-9846-8FC978FB6978}.Release|iPhone.Build.0 = Release|Any CPU
		{6B2A2780-3918-48A0-9846-8FC978FB6978}.Release|iPhoneSimulator.ActiveCfg = Release|Any CPU
		{6B2A2780-3918-48A0-9846-8FC978FB6978}.Release|iPhoneSimulator.Build.0 = Release|Any CPU
		{6B2A2780-3918-48A0-9846-8FC978FB6978}.Release|x64.ActiveCfg = Release|Any CPU
		{6B2A2780-3918-48A0-9846-8FC978FB6978}.Release|x64.Build.0 = Release|Any CPU
		{6B2A2780-3918-48A0-9846-8FC978FB6978}.Release|x86.ActiveCfg = Release|Any CPU
		{6B2A2780-3918-48A0-9846-8FC978FB6978}.Release|x86.Build.0 = Release|Any CPU
		{EED2ACC6-6E65-475B-B5B2-2AB04995F60B}.Ad-Hoc|Any CPU.ActiveCfg = Release|Any CPU
		{EED2ACC6-6E65-475B-B5B2-2AB04995F60B}.Ad-Hoc|Any CPU.Build.0 = Release|Any CPU
		{EED2ACC6-6E65-475B-B5B2-2AB04995F60B}.Ad-Hoc|ARM.ActiveCfg = Release|Any CPU
		{EED2ACC6-6E65-475B-B5B2-2AB04995F60B}.Ad-Hoc|ARM.Build.0 = Release|Any CPU
		{EED2ACC6-6E65-475B-B5B2-2AB04995F60B}.Ad-Hoc|iPhone.ActiveCfg = Release|Any CPU
		{EED2ACC6-6E65-475B-B5B2-2AB04995F60B}.Ad-Hoc|iPhone.Build.0 = Release|Any CPU
		{EED2ACC6-6E65-475B-B5B2-2AB04995F60B}.Ad-Hoc|iPhoneSimulator.ActiveCfg = Release|Any CPU
		{EED2ACC6-6E65-475B-B5B2-2AB04995F60B}.Ad-Hoc|iPhoneSimulator.Build.0 = Release|Any CPU
		{EED2ACC6-6E65-475B-B5B2-2AB04995F60B}.Ad-Hoc|x64.ActiveCfg = Release|Any CPU
		{EED2ACC6-6E65-475B-B5B2-2AB04995F60B}.Ad-Hoc|x64.Build.0 = Release|Any CPU
		{EED2ACC6-6E65-475B-B5B2-2AB04995F60B}.Ad-Hoc|x86.ActiveCfg = Release|Any CPU
		{EED2ACC6-6E65-475B-B5B2-2AB04995F60B}.Ad-Hoc|x86.Build.0 = Release|Any CPU
		{EED2ACC6-6E65-475B-B5B2-2AB04995F60B}.AppStore|Any CPU.ActiveCfg = Release|Any CPU
		{EED2ACC6-6E65-475B-B5B2-2AB04995F60B}.AppStore|Any CPU.Build.0 = Release|Any CPU
		{EED2ACC6-6E65-475B-B5B2-2AB04995F60B}.AppStore|ARM.ActiveCfg = Release|Any CPU
		{EED2ACC6-6E65-475B-B5B2-2AB04995F60B}.AppStore|ARM.Build.0 = Release|Any CPU
		{EED2ACC6-6E65-475B-B5B2-2AB04995F60B}.AppStore|iPhone.ActiveCfg = Release|Any CPU
		{EED2ACC6-6E65-475B-B5B2-2AB04995F60B}.AppStore|iPhone.Build.0 = Release|Any CPU
		{EED2ACC6-6E65-475B-B5B2-2AB04995F60B}.AppStore|iPhoneSimulator.ActiveCfg = Release|Any CPU
		{EED2ACC6-6E65-475B-B5B2-2AB04995F60B}.AppStore|iPhoneSimulator.Build.0 = Release|Any CPU
		{EED2ACC6-6E65-475B-B5B2-2AB04995F60B}.AppStore|x64.ActiveCfg = Release|Any CPU
		{EED2ACC6-6E65-475B-B5B2-2AB04995F60B}.AppStore|x64.Build.0 = Release|Any CPU
		{EED2ACC6-6E65-475B-B5B2-2AB04995F60B}.AppStore|x86.ActiveCfg = Release|Any CPU
		{EED2ACC6-6E65-475B-B5B2-2AB04995F60B}.AppStore|x86.Build.0 = Release|Any CPU
		{EED2ACC6-6E65-475B-B5B2-2AB04995F60B}.Debug|Any CPU.ActiveCfg = Debug|Any CPU
		{EED2ACC6-6E65-475B-B5B2-2AB04995F60B}.Debug|Any CPU.Build.0 = Debug|Any CPU
		{EED2ACC6-6E65-475B-B5B2-2AB04995F60B}.Debug|ARM.ActiveCfg = Debug|Any CPU
		{EED2ACC6-6E65-475B-B5B2-2AB04995F60B}.Debug|ARM.Build.0 = Debug|Any CPU
		{EED2ACC6-6E65-475B-B5B2-2AB04995F60B}.Debug|iPhone.ActiveCfg = Debug|Any CPU
		{EED2ACC6-6E65-475B-B5B2-2AB04995F60B}.Debug|iPhone.Build.0 = Debug|Any CPU
		{EED2ACC6-6E65-475B-B5B2-2AB04995F60B}.Debug|iPhoneSimulator.ActiveCfg = Debug|Any CPU
		{EED2ACC6-6E65-475B-B5B2-2AB04995F60B}.Debug|iPhoneSimulator.Build.0 = Debug|Any CPU
		{EED2ACC6-6E65-475B-B5B2-2AB04995F60B}.Debug|x64.ActiveCfg = Debug|Any CPU
		{EED2ACC6-6E65-475B-B5B2-2AB04995F60B}.Debug|x64.Build.0 = Debug|Any CPU
		{EED2ACC6-6E65-475B-B5B2-2AB04995F60B}.Debug|x86.ActiveCfg = Debug|Any CPU
		{EED2ACC6-6E65-475B-B5B2-2AB04995F60B}.Debug|x86.Build.0 = Debug|Any CPU
		{EED2ACC6-6E65-475B-B5B2-2AB04995F60B}.Release|Any CPU.ActiveCfg = Release|Any CPU
		{EED2ACC6-6E65-475B-B5B2-2AB04995F60B}.Release|Any CPU.Build.0 = Release|Any CPU
		{EED2ACC6-6E65-475B-B5B2-2AB04995F60B}.Release|ARM.ActiveCfg = Release|Any CPU
		{EED2ACC6-6E65-475B-B5B2-2AB04995F60B}.Release|ARM.Build.0 = Release|Any CPU
		{EED2ACC6-6E65-475B-B5B2-2AB04995F60B}.Release|iPhone.ActiveCfg = Release|Any CPU
		{EED2ACC6-6E65-475B-B5B2-2AB04995F60B}.Release|iPhone.Build.0 = Release|Any CPU
		{EED2ACC6-6E65-475B-B5B2-2AB04995F60B}.Release|iPhoneSimulator.ActiveCfg = Release|Any CPU
		{EED2ACC6-6E65-475B-B5B2-2AB04995F60B}.Release|iPhoneSimulator.Build.0 = Release|Any CPU
		{EED2ACC6-6E65-475B-B5B2-2AB04995F60B}.Release|x64.ActiveCfg = Release|Any CPU
		{EED2ACC6-6E65-475B-B5B2-2AB04995F60B}.Release|x64.Build.0 = Release|Any CPU
		{EED2ACC6-6E65-475B-B5B2-2AB04995F60B}.Release|x86.ActiveCfg = Release|Any CPU
		{EED2ACC6-6E65-475B-B5B2-2AB04995F60B}.Release|x86.Build.0 = Release|Any CPU
	EndGlobalSection
	GlobalSection(SolutionProperties) = preSolution
		HideSolutionNode = FALSE
	EndGlobalSection
	GlobalSection(NestedProjects) = preSolution
		{4DB7F85C-62CB-4C3F-A421-E7833AF2B253} = {07D09CB5-CED1-442E-A7F7-EDF5EC671D1D}
		{1DA23F82-6586-4B29-95F6-66D38BDA1A3F} = {07D09CB5-CED1-442E-A7F7-EDF5EC671D1D}
		{854D8448-023E-4AE8-B693-53B9B0941518} = {07D09CB5-CED1-442E-A7F7-EDF5EC671D1D}
		{90ACE64A-E196-458B-849D-8F5E0DE32CC9} = {E313ABEE-F9B3-4E9B-BF3A-343239610A3B}
		{D9BBA41E-90F8-4172-8E6F-B7C8AE470AAC} = {628D7740-FB26-438C-A468-B8711786AAB5}
		{C1DE1A7C-D0B3-4A91-8229-05C8B3AE39BA} = {628D7740-FB26-438C-A468-B8711786AAB5}
		{65410D1D-08B7-49ED-A719-9F1F98D8F57F} = {628D7740-FB26-438C-A468-B8711786AAB5}
		{2BCB60D2-CD7E-4828-855C-F21783F31DB9} = {628D7740-FB26-438C-A468-B8711786AAB5}
		{603B9D89-5CFB-4ECC-8421-CBF52022850F} = {B724962E-7BDC-4F9E-A9FD-AACA4E40DDA0}
		{6B2A2780-3918-48A0-9846-8FC978FB6978} = {B724962E-7BDC-4F9E-A9FD-AACA4E40DDA0}
		{EED2ACC6-6E65-475B-B5B2-2AB04995F60B} = {B724962E-7BDC-4F9E-A9FD-AACA4E40DDA0}
	EndGlobalSection
	GlobalSection(ExtensibilityGlobals) = postSolution
		SolutionGuid = {3773E04A-236F-43D7-93E9-0274822FC2DD}
	EndGlobalSection
EndGlobal
